github.com/bhavpreet/goodTimer/devices/driver v0.0.0-20220830091232-4d116804d37b h1:ysAZ6m6YKJ1I9oYtVJocYnvm4CO+JlwPRcPe9aULUfg=
github.com/bhavpreet/goodTimer/devices/driver v0.0.0-20220830091232-4d116804d37b/go.mod h1:GWoxw+tw39i0FJoaH0XtPUOSkNN1HWWED+QC00mhSEE=
github.com/bhavpreet/goodTimer/devices/driver v0.0.0-20220902065809-17305cf89fb1 h1:Yocy2fSaa+QZgI5d0NkEpRfXpi7OcK14lVpAE46tRD4=
github.com/bhavpreet/goodTimer/devices/driver v0.0.0-20220902065809-17305cf89fb1/go.mod h1:GWoxw+tw39i0FJoaH0XtPUOSkNN1HWWED+QC00mhSEE=
github.com/bhavpreet/goodTimer/devices/timy2 v0.0.0-20220830100408-63c481caf165 h1:ksdJEYPgqRu1HpJ++aNtar3kiPUwYG7Rh/2//J2VADA=
github.com/bhavpreet/goodTimer/devices/timy2 v0.0.0-20220830100408-63c481caf165/go.mod h1:D9z+ew2qRIGbOvlE4dLkx6FvY+x11wBObRPYIpZrnbo=
github.com/bhavpreet/goodTimer/devices/timy2 v0.0.0-20220902063137-b260eb11be32 h1:wb2Dwyl2o+Cw91WlC+7HKMNSW9DU/bqU+01uzUvquFg=
github.com/bhavpreet/goodTimer/devices/timy2 v0.0.0-20220902063137-b260eb11be32/go.mod h1:D9z+ew2qRIGbOvlE4dLkx6FvY+x11wBObRPYIpZrnbo=
github.com/bhavpreet/goodTimer/devices/timy2/sim v0.0.0-20220830091232-4d116804d37b h1:fqV5RQq9ZK74IO0xG1R9qOYbOCUQW5AuWbifcIa2L/8=
github.com/bhavpreet/goodTimer/devices/timy2/sim v0.0.0-20220830091232-4d116804d37b/go.mod h1:TEilwRMj/JJj2ZfM31SS/NJUl4ifB4Y59MnrhDghi2k=
github.com/bhavpreet/goodTimer/devices/timy2/sim v0.0.0-20220902070310-1c96eedee4bb h1:UdyvAfLNRh9//pXDv2eMKYyf7XD81BR7d3ioMSrr07o=
github.com/bhavpreet/goodTimer/devices/timy2/sim v0.0.0-20220902070310-1c96eedee4bb/go.mod h1:TEilwRMj/JJj2ZfM31SS/NJUl4ifB4Y59MnrhDghi2k=
github.com/google/gousb v1.1.2 h1:1BwarNB3inFTFhPgUEfah4hwOPuDz/49I0uX8XNginU=
github.com/google/gousb v1.1.2/go.mod h1:GGWUkK0gAXDzxhwrzetW592aOmkkqSGcj5KLEgmCVUg=
