github.com/bhavpreet/goodTimer/devices/driver v0.0.0-20220828154614-bf54369879bd h1:BuV4L3HCheevVkLNtrga6v2Jans3comGxsyduiC13ig=
github.com/bhavpreet/goodTimer/devices/driver v0.0.0-20220828154614-bf54369879bd/go.mod h1:GWoxw+tw39i0FJoaH0XtPUOSkNN1HWWED+QC00mhSEE=
github.com/bhavpreet/goodTimer/devices/timy2 v0.0.0-20220828154614-bf54369879bd h1:4Lf02XW2SvEPHxloJ/GhSZ9J1HgCS9+6RMu6rfX9HpY=
github.com/bhavpreet/goodTimer/devices/timy2 v0.0.0-20220828154614-bf54369879bd/go.mod h1:D9z+ew2qRIGbOvlE4dLkx6FvY+x11wBObRPYIpZrnbo=
github.com/bhavpreet/goodTimer/devices/timy2/sim v0.0.0-20220828154614-bf54369879bd h1:BDwOR3WejecSXIWmg/cH2OVbqPZo67vPVxB0REUJRyk=
github.com/bhavpreet/goodTimer/devices/timy2/sim v0.0.0-20220828154614-bf54369879bd/go.mod h1:TEilwRMj/JJj2ZfM31SS/NJUl4ifB4Y59MnrhDghi2k=
github.com/google/gousb v1.1.2 h1:1BwarNB3inFTFhPgUEfah4hwOPuDz/49I0uX8XNginU=
github.com/google/gousb v1.1.2/go.mod h1:GGWUkK0gAXDzxhwrzetW592aOmkkqSGcj5KLEgmCVUg=
