github.com/bhavpreet/goodTimer/devices/driver v0.0.0-20220828154614-bf54369879bd h1:BuV4L3HCheevVkLNtrga6v2Jans3comGxsyduiC13ig=
github.com/bhavpreet/goodTimer/devices/driver v0.0.0-20220828154614-bf54369879bd/go.mod h1:GWoxw+tw39i0FJoaH0XtPUOSkNN1HWWED+QC00mhSEE=
github.com/bhavpreet/goodTimer/devices/driver v0.0.0-20220829115307-8a6306606ea1 h1:FO/uEEIoe+Qcx/r510Ezdh9sXBQnKealcf0wQX8Z9SY=
github.com/bhavpreet/goodTimer/devices/driver v0.0.0-20220829115307-8a6306606ea1/go.mod h1:GWoxw+tw39i0FJoaH0XtPUOSkNN1HWWED+QC00mhSEE=
github.com/bhavpreet/goodTimer/devices/driver v0.0.0-20220830091232-4d116804d37b h1:ysAZ6m6YKJ1I9oYtVJocYnvm4CO+JlwPRcPe9aULUfg=
github.com/bhavpreet/goodTimer/devices/driver v0.0.0-20220830091232-4d116804d37b/go.mod h1:GWoxw+tw39i0FJoaH0XtPUOSkNN1HWWED+QC00mhSEE=
github.com/bhavpreet/goodTimer/devices/timy2 v0.0.0-20220828154614-bf54369879bd h1:4Lf02XW2SvEPHxloJ/GhSZ9J1HgCS9+6RMu6rfX9HpY=
github.com/bhavpreet/goodTimer/devices/timy2 v0.0.0-20220828154614-bf54369879bd/go.mod h1:D9z+ew2qRIGbOvlE4dLkx6FvY+x11wBObRPYIpZrnbo=
github.com/bhavpreet/goodTimer/devices/timy2 v0.0.0-20220829143431-03f1009b633b h1:wwETsQguy2gV2hG5djuuFtgvkCsdGntTXnu/Gyxaqkw=
github.com/bhavpreet/goodTimer/devices/timy2 v0.0.0-20220829143431-03f1009b633b/go.mod h1:D9z+ew2qRIGbOvlE4dLkx6FvY+x11wBObRPYIpZrnbo=
github.com/bhavpreet/goodTimer/devices/timy2 v0.0.0-20220830091232-4d116804d37b h1:ZbXfSzHx6Puz4i5PfPaSKDYI+8ALthZWU4MAOC2JKlk=
github.com/bhavpreet/goodTimer/devices/timy2 v0.0.0-20220830091232-4d116804d37b/go.mod h1:D9z+ew2qRIGbOvlE4dLkx6FvY+x11wBObRPYIpZrnbo=
github.com/bhavpreet/goodTimer/devices/timy2 v0.0.0-20220830100408-63c481caf165 h1:ksdJEYPgqRu1HpJ++aNtar3kiPUwYG7Rh/2//J2VADA=
github.com/bhavpreet/goodTimer/devices/timy2 v0.0.0-20220830100408-63c481caf165/go.mod h1:D9z+ew2qRIGbOvlE4dLkx6FvY+x11wBObRPYIpZrnbo=
github.com/bhavpreet/goodTimer/devices/timy2/sim v0.0.0-20220828154614-bf54369879bd h1:BDwOR3WejecSXIWmg/cH2OVbqPZo67vPVxB0REUJRyk=
github.com/bhavpreet/goodTimer/devices/timy2/sim v0.0.0-20220828154614-bf54369879bd/go.mod h1:TEilwRMj/JJj2ZfM31SS/NJUl4ifB4Y59MnrhDghi2k=
github.com/bhavpreet/goodTimer/devices/timy2/sim v0.0.0-20220829115307-8a6306606ea1 h1:9DYp80bM5oKxiMoqK4Z0ec1iXJe2YLZEUZY0ipuRfT4=
github.com/bhavpreet/goodTimer/devices/timy2/sim v0.0.0-20220829115307-8a6306606ea1/go.mod h1:TEilwRMj/JJj2ZfM31SS/NJUl4ifB4Y59MnrhDghi2k=
github.com/bhavpreet/goodTimer/devices/timy2/sim v0.0.0-20220830091232-4d116804d37b h1:fqV5RQq9ZK74IO0xG1R9qOYbOCUQW5AuWbifcIa2L/8=
github.com/bhavpreet/goodTimer/devices/timy2/sim v0.0.0-20220830091232-4d116804d37b/go.mod h1:TEilwRMj/JJj2ZfM31SS/NJUl4ifB4Y59MnrhDghi2k=
github.com/google/gousb v1.1.2 h1:1BwarNB3inFTFhPgUEfah4hwOPuDz/49I0uX8XNginU=
github.com/google/gousb v1.1.2/go.mod h1:GGWUkK0gAXDzxhwrzetW592aOmkkqSGcj5KLEgmCVUg=
