github.com/bhavpreet/goodTimer/devices/timy2 v0.0.0-20220822052412-4797edc966f8 h1:+zDkKo/blYUEYu5/q9PKRi3isf+PDXgEHlEnFAUkxg4=
github.com/bhavpreet/goodTimer/devices/timy2 v0.0.0-20220822052412-4797edc966f8/go.mod h1:D9z+ew2qRIGbOvlE4dLkx6FvY+x11wBObRPYIpZrnbo=
github.com/bhavpreet/goodTimer/devices/timy2 v0.0.0-20220826043331-18cab6077dc0 h1:i5UQKisGelVrusUbMctJ6aTsyW+P73d3WEVCRCKl/Io=
github.com/bhavpreet/goodTimer/devices/timy2 v0.0.0-20220826043331-18cab6077dc0/go.mod h1:D9z+ew2qRIGbOvlE4dLkx6FvY+x11wBObRPYIpZrnbo=
github.com/bhavpreet/goodTimer/devices/timy2 v0.0.0-20220902063137-b260eb11be32 h1:wb2Dwyl2o+Cw91WlC+7HKMNSW9DU/bqU+01uzUvquFg=
github.com/bhavpreet/goodTimer/devices/timy2 v0.0.0-20220902063137-b260eb11be32/go.mod h1:D9z+ew2qRIGbOvlE4dLkx6FvY+x11wBObRPYIpZrnbo=
